// !$*UTF8*$!
{
	archiveVersion = 1;
	classes = {
	};
	objectVersion = 56;
	objects = {

/* Begin PBXBuildFile section */
		6FBF9D40299D54CD0041EC64 /* AppDelegate.swift in Sources */ = {isa = PBXBuildFile; fileRef = 6FBF9D3F299D54CD0041EC64 /* AppDelegate.swift */; };
		6FBF9D42299D54CD0041EC64 /* SceneDelegate.swift in Sources */ = {isa = PBXBuildFile; fileRef = 6FBF9D41299D54CD0041EC64 /* SceneDelegate.swift */; };
		6FBF9D44299D54CD0041EC64 /* MainScreenViewController.swift in Sources */ = {isa = PBXBuildFile; fileRef = 6FBF9D43299D54CD0041EC64 /* MainScreenViewController.swift */; };
		6FBF9D47299D54CD0041EC64 /* Main.storyboard in Resources */ = {isa = PBXBuildFile; fileRef = 6FBF9D45299D54CD0041EC64 /* Main.storyboard */; };
		6FBF9D49299D54D00041EC64 /* Assets.xcassets in Resources */ = {isa = PBXBuildFile; fileRef = 6FBF9D48299D54D00041EC64 /* Assets.xcassets */; };
		6FBF9D4C299D54D00041EC64 /* LaunchScreen.storyboard in Resources */ = {isa = PBXBuildFile; fileRef = 6FBF9D4A299D54D00041EC64 /* LaunchScreen.storyboard */; };
		6FBF9D56299D57610041EC64 /* Astronomy.swift in Sources */ = {isa = PBXBuildFile; fileRef = 6FBF9D55299D57610041EC64 /* Astronomy.swift */; };
		6FBF9D58299D58AE0041EC64 /* NetworkServiceProtocol.swift in Sources */ = {isa = PBXBuildFile; fileRef = 6FBF9D57299D58AE0041EC64 /* NetworkServiceProtocol.swift */; };
		6FBF9D5A299D59390041EC64 /* NetworkService.swift in Sources */ = {isa = PBXBuildFile; fileRef = 6FBF9D59299D59390041EC64 /* NetworkService.swift */; };
		6FBF9D5C299D59790041EC64 /* Constants.swift in Sources */ = {isa = PBXBuildFile; fileRef = 6FBF9D5B299D59790041EC64 /* Constants.swift */; };
		6FBF9D5E299D652B0041EC64 /* ImageServiceProtocol.swift in Sources */ = {isa = PBXBuildFile; fileRef = 6FBF9D5D299D652B0041EC64 /* ImageServiceProtocol.swift */; };
		6FBF9D61299D65650041EC64 /* ImageService.swift in Sources */ = {isa = PBXBuildFile; fileRef = 6FBF9D60299D65650041EC64 /* ImageService.swift */; };
		6FBF9D6A299D70E80041EC64 /* MainScreenRouter.swift in Sources */ = {isa = PBXBuildFile; fileRef = 6FBF9D69299D70E80041EC64 /* MainScreenRouter.swift */; };
		6FBF9D6C299D71720041EC64 /* MainScreenAssembly.swift in Sources */ = {isa = PBXBuildFile; fileRef = 6FBF9D6B299D71720041EC64 /* MainScreenAssembly.swift */; };
		6FBF9D73299D76DC0041EC64 /* MainScreenInteractor.swift in Sources */ = {isa = PBXBuildFile; fileRef = 6FBF9D72299D76DC0041EC64 /* MainScreenInteractor.swift */; };
		6FBF9D78299D77F70041EC64 /* MainScreenPresenter.swift in Sources */ = {isa = PBXBuildFile; fileRef = 6FBF9D77299D77F70041EC64 /* MainScreenPresenter.swift */; };
		6FBF9D7C299D87B80041EC64 /* SecondScreenViewController.swift in Sources */ = {isa = PBXBuildFile; fileRef = 6FBF9D7B299D87B80041EC64 /* SecondScreenViewController.swift */; };
		6FBF9D7E299E81760041EC64 /* MainScreenInputModel.swift in Sources */ = {isa = PBXBuildFile; fileRef = 6FBF9D7D299E81760041EC64 /* MainScreenInputModel.swift */; };
		6FBF9D80299E99220041EC64 /* MainScreenViewControllerProtocols.swift in Sources */ = {isa = PBXBuildFile; fileRef = 6FBF9D7F299E99220041EC64 /* MainScreenViewControllerProtocols.swift */; };
		6FBF9D83299EA6610041EC64 /* MainScreenWorker.swift in Sources */ = {isa = PBXBuildFile; fileRef = 6FBF9D82299EA6610041EC64 /* MainScreenWorker.swift */; };
		6FBF9D85299EB21D0041EC64 /* AstronomyDescriptionChanged.swift in Sources */ = {isa = PBXBuildFile; fileRef = 6FBF9D84299EB21D0041EC64 /* AstronomyDescriptionChanged.swift */; };
		6FBF9D87299EB25D0041EC64 /* SecondScreenProtocols.swift in Sources */ = {isa = PBXBuildFile; fileRef = 6FBF9D86299EB25D0041EC64 /* SecondScreenProtocols.swift */; };
		6FBF9D89299EB9A10041EC64 /* SecondScreenInteractor.swift in Sources */ = {isa = PBXBuildFile; fileRef = 6FBF9D88299EB9A10041EC64 /* SecondScreenInteractor.swift */; };
		6FBF9D8B299EB9EA0041EC64 /* SecondScreenPresenter.swift in Sources */ = {isa = PBXBuildFile; fileRef = 6FBF9D8A299EB9EA0041EC64 /* SecondScreenPresenter.swift */; };
		6FBF9D8D299EBA2D0041EC64 /* SecondScreenAssembly.swift in Sources */ = {isa = PBXBuildFile; fileRef = 6FBF9D8C299EBA2D0041EC64 /* SecondScreenAssembly.swift */; };
		6FBF9D8F299EBA3D0041EC64 /* SecondScreenRouter.swift in Sources */ = {isa = PBXBuildFile; fileRef = 6FBF9D8E299EBA3D0041EC64 /* SecondScreenRouter.swift */; };
		6FBF9D91299EBA990041EC64 /* SecondScreenWorker.swift in Sources */ = {isa = PBXBuildFile; fileRef = 6FBF9D90299EBA990041EC64 /* SecondScreenWorker.swift */; };
		6FBF9D93299EC5660041EC64 /* DeepLink.swift in Sources */ = {isa = PBXBuildFile; fileRef = 6FBF9D92299EC5660041EC64 /* DeepLink.swift */; };
/* End PBXBuildFile section */

/* Begin PBXFileReference section */
		6FBF9D3C299D54CD0041EC64 /* CleanSwift.app */ = {isa = PBXFileReference; explicitFileType = wrapper.application; includeInIndex = 0; path = CleanSwift.app; sourceTree = BUILT_PRODUCTS_DIR; };
		6FBF9D3F299D54CD0041EC64 /* AppDelegate.swift */ = {isa = PBXFileReference; lastKnownFileType = sourcecode.swift; path = AppDelegate.swift; sourceTree = "<group>"; };
		6FBF9D41299D54CD0041EC64 /* SceneDelegate.swift */ = {isa = PBXFileReference; lastKnownFileType = sourcecode.swift; path = SceneDelegate.swift; sourceTree = "<group>"; };
		6FBF9D43299D54CD0041EC64 /* MainScreenViewController.swift */ = {isa = PBXFileReference; lastKnownFileType = sourcecode.swift; path = MainScreenViewController.swift; sourceTree = "<group>"; };
		6FBF9D46299D54CD0041EC64 /* Base */ = {isa = PBXFileReference; lastKnownFileType = file.storyboard; name = Base; path = Base.lproj/Main.storyboard; sourceTree = "<group>"; };
		6FBF9D48299D54D00041EC64 /* Assets.xcassets */ = {isa = PBXFileReference; lastKnownFileType = folder.assetcatalog; path = Assets.xcassets; sourceTree = "<group>"; };
		6FBF9D4B299D54D00041EC64 /* Base */ = {isa = PBXFileReference; lastKnownFileType = file.storyboard; name = Base; path = Base.lproj/LaunchScreen.storyboard; sourceTree = "<group>"; };
		6FBF9D4D299D54D00041EC64 /* Info.plist */ = {isa = PBXFileReference; lastKnownFileType = text.plist.xml; path = Info.plist; sourceTree = "<group>"; };
		6FBF9D55299D57610041EC64 /* Astronomy.swift */ = {isa = PBXFileReference; lastKnownFileType = sourcecode.swift; path = Astronomy.swift; sourceTree = "<group>"; };
		6FBF9D57299D58AE0041EC64 /* NetworkServiceProtocol.swift */ = {isa = PBXFileReference; lastKnownFileType = sourcecode.swift; path = NetworkServiceProtocol.swift; sourceTree = "<group>"; };
		6FBF9D59299D59390041EC64 /* NetworkService.swift */ = {isa = PBXFileReference; lastKnownFileType = sourcecode.swift; path = NetworkService.swift; sourceTree = "<group>"; };
		6FBF9D5B299D59790041EC64 /* Constants.swift */ = {isa = PBXFileReference; lastKnownFileType = sourcecode.swift; path = Constants.swift; sourceTree = "<group>"; };
		6FBF9D5D299D652B0041EC64 /* ImageServiceProtocol.swift */ = {isa = PBXFileReference; lastKnownFileType = sourcecode.swift; path = ImageServiceProtocol.swift; sourceTree = "<group>"; };
		6FBF9D60299D65650041EC64 /* ImageService.swift */ = {isa = PBXFileReference; lastKnownFileType = sourcecode.swift; path = ImageService.swift; sourceTree = "<group>"; };
		6FBF9D69299D70E80041EC64 /* MainScreenRouter.swift */ = {isa = PBXFileReference; lastKnownFileType = sourcecode.swift; path = MainScreenRouter.swift; sourceTree = "<group>"; };
		6FBF9D6B299D71720041EC64 /* MainScreenAssembly.swift */ = {isa = PBXFileReference; lastKnownFileType = sourcecode.swift; path = MainScreenAssembly.swift; sourceTree = "<group>"; };
		6FBF9D72299D76DC0041EC64 /* MainScreenInteractor.swift */ = {isa = PBXFileReference; lastKnownFileType = sourcecode.swift; path = MainScreenInteractor.swift; sourceTree = "<group>"; };
		6FBF9D77299D77F70041EC64 /* MainScreenPresenter.swift */ = {isa = PBXFileReference; lastKnownFileType = sourcecode.swift; path = MainScreenPresenter.swift; sourceTree = "<group>"; };
		6FBF9D7B299D87B80041EC64 /* SecondScreenViewController.swift */ = {isa = PBXFileReference; lastKnownFileType = sourcecode.swift; path = SecondScreenViewController.swift; sourceTree = "<group>"; };
		6FBF9D7D299E81760041EC64 /* MainScreenInputModel.swift */ = {isa = PBXFileReference; lastKnownFileType = sourcecode.swift; path = MainScreenInputModel.swift; sourceTree = "<group>"; };
		6FBF9D7F299E99220041EC64 /* MainScreenViewControllerProtocols.swift */ = {isa = PBXFileReference; lastKnownFileType = sourcecode.swift; path = MainScreenViewControllerProtocols.swift; sourceTree = "<group>"; };
		6FBF9D82299EA6610041EC64 /* MainScreenWorker.swift */ = {isa = PBXFileReference; lastKnownFileType = sourcecode.swift; path = MainScreenWorker.swift; sourceTree = "<group>"; };
		6FBF9D84299EB21D0041EC64 /* AstronomyDescriptionChanged.swift */ = {isa = PBXFileReference; lastKnownFileType = sourcecode.swift; path = AstronomyDescriptionChanged.swift; sourceTree = "<group>"; };
		6FBF9D86299EB25D0041EC64 /* SecondScreenProtocols.swift */ = {isa = PBXFileReference; lastKnownFileType = sourcecode.swift; path = SecondScreenProtocols.swift; sourceTree = "<group>"; };
		6FBF9D88299EB9A10041EC64 /* SecondScreenInteractor.swift */ = {isa = PBXFileReference; lastKnownFileType = sourcecode.swift; path = SecondScreenInteractor.swift; sourceTree = "<group>"; };
		6FBF9D8A299EB9EA0041EC64 /* SecondScreenPresenter.swift */ = {isa = PBXFileReference; lastKnownFileType = sourcecode.swift; path = SecondScreenPresenter.swift; sourceTree = "<group>"; };
		6FBF9D8C299EBA2D0041EC64 /* SecondScreenAssembly.swift */ = {isa = PBXFileReference; lastKnownFileType = sourcecode.swift; path = SecondScreenAssembly.swift; sourceTree = "<group>"; };
		6FBF9D8E299EBA3D0041EC64 /* SecondScreenRouter.swift */ = {isa = PBXFileReference; lastKnownFileType = sourcecode.swift; path = SecondScreenRouter.swift; sourceTree = "<group>"; };
		6FBF9D90299EBA990041EC64 /* SecondScreenWorker.swift */ = {isa = PBXFileReference; lastKnownFileType = sourcecode.swift; path = SecondScreenWorker.swift; sourceTree = "<group>"; };
		6FBF9D92299EC5660041EC64 /* DeepLink.swift */ = {isa = PBXFileReference; lastKnownFileType = sourcecode.swift; path = DeepLink.swift; sourceTree = "<group>"; };
/* End PBXFileReference section */

/* Begin PBXFrameworksBuildPhase section */
		6FBF9D39299D54CD0041EC64 /* Frameworks */ = {
			isa = PBXFrameworksBuildPhase;
			buildActionMask = 2147483647;
			files = (
			);
			runOnlyForDeploymentPostprocessing = 0;
		};
/* End PBXFrameworksBuildPhase section */

/* Begin PBXGroup section */
		6FBF9D33299D54CD0041EC64 = {
			isa = PBXGroup;
			children = (
				6FBF9D3E299D54CD0041EC64 /* CleanSwift */,
				6FBF9D3D299D54CD0041EC64 /* Products */,
			);
			sourceTree = "<group>";
		};
		6FBF9D3D299D54CD0041EC64 /* Products */ = {
			isa = PBXGroup;
			children = (
				6FBF9D3C299D54CD0041EC64 /* CleanSwift.app */,
			);
			name = Products;
			sourceTree = "<group>";
		};
		6FBF9D3E299D54CD0041EC64 /* CleanSwift */ = {
			isa = PBXGroup;
			children = (
				6FBF9D81299EA49E0041EC64 /* MainScreenScene */,
				6FBF9D7A299D878E0041EC64 /* SecondScreenScene */,
				6FBF9D3F299D54CD0041EC64 /* AppDelegate.swift */,
				6FBF9D41299D54CD0041EC64 /* SceneDelegate.swift */,
				6FBF9D55299D57610041EC64 /* Astronomy.swift */,
				6FBF9D5F299D653A0041EC64 /* NetworkService */,
				6FBF9D62299D67650041EC64 /* ImageService */,
				6FBF9D5B299D59790041EC64 /* Constants.swift */,
				6FBF9D45299D54CD0041EC64 /* Main.storyboard */,
				6FBF9D48299D54D00041EC64 /* Assets.xcassets */,
				6FBF9D4A299D54D00041EC64 /* LaunchScreen.storyboard */,
				6FBF9D4D299D54D00041EC64 /* Info.plist */,
			);
			path = CleanSwift;
			sourceTree = "<group>";
		};
		6FBF9D5F299D653A0041EC64 /* NetworkService */ = {
			isa = PBXGroup;
			children = (
				6FBF9D57299D58AE0041EC64 /* NetworkServiceProtocol.swift */,
				6FBF9D59299D59390041EC64 /* NetworkService.swift */,
			);
			path = NetworkService;
			sourceTree = "<group>";
		};
		6FBF9D62299D67650041EC64 /* ImageService */ = {
			isa = PBXGroup;
			children = (
				6FBF9D5D299D652B0041EC64 /* ImageServiceProtocol.swift */,
				6FBF9D60299D65650041EC64 /* ImageService.swift */,
			);
			path = ImageService;
			sourceTree = "<group>";
		};
		6FBF9D7A299D878E0041EC64 /* SecondScreenScene */ = {
			isa = PBXGroup;
			children = (
				6FBF9D7B299D87B80041EC64 /* SecondScreenViewController.swift */,
				6FBF9D88299EB9A10041EC64 /* SecondScreenInteractor.swift */,
				6FBF9D8A299EB9EA0041EC64 /* SecondScreenPresenter.swift */,
				6FBF9D8C299EBA2D0041EC64 /* SecondScreenAssembly.swift */,
				6FBF9D84299EB21D0041EC64 /* AstronomyDescriptionChanged.swift */,
				6FBF9D8E299EBA3D0041EC64 /* SecondScreenRouter.swift */,
				6FBF9D90299EBA990041EC64 /* SecondScreenWorker.swift */,
				6FBF9D86299EB25D0041EC64 /* SecondScreenProtocols.swift */,
			);
			path = SecondScreenScene;
			sourceTree = "<group>";
		};
		6FBF9D81299EA49E0041EC64 /* MainScreenScene */ = {
			isa = PBXGroup;
			children = (
				6FBF9D43299D54CD0041EC64 /* MainScreenViewController.swift */,
				6FBF9D72299D76DC0041EC64 /* MainScreenInteractor.swift */,
				6FBF9D77299D77F70041EC64 /* MainScreenPresenter.swift */,
				6FBF9D6B299D71720041EC64 /* MainScreenAssembly.swift */,
				6FBF9D7D299E81760041EC64 /* MainScreenInputModel.swift */,
				6FBF9D69299D70E80041EC64 /* MainScreenRouter.swift */,
				6FBF9D82299EA6610041EC64 /* MainScreenWorker.swift */,
				6FBF9D7F299E99220041EC64 /* MainScreenViewControllerProtocols.swift */,
				6FBF9D92299EC5660041EC64 /* DeepLink.swift */,
			);
			path = MainScreenScene;
			sourceTree = "<group>";
		};
/* End PBXGroup section */

/* Begin PBXNativeTarget section */
		6FBF9D3B299D54CD0041EC64 /* CleanSwift */ = {
			isa = PBXNativeTarget;
			buildConfigurationList = 6FBF9D50299D54D00041EC64 /* Build configuration list for PBXNativeTarget "CleanSwift" */;
			buildPhases = (
				6FBF9D38299D54CD0041EC64 /* Sources */,
				6FBF9D53299D55020041EC64 /* Swift Format */,
				6FBF9D54299D552A0041EC64 /* Swift Lint */,
				6FBF9D39299D54CD0041EC64 /* Frameworks */,
				6FBF9D3A299D54CD0041EC64 /* Resources */,
			);
			buildRules = (
			);
			dependencies = (
			);
			name = CleanSwift;
			productName = CleanSwift;
			productReference = 6FBF9D3C299D54CD0041EC64 /* CleanSwift.app */;
			productType = "com.apple.product-type.application";
		};
/* End PBXNativeTarget section */

/* Begin PBXProject section */
		6FBF9D34299D54CD0041EC64 /* Project object */ = {
			isa = PBXProject;
			attributes = {
				BuildIndependentTargetsInParallel = 1;
				LastSwiftUpdateCheck = 1420;
				LastUpgradeCheck = 1420;
				TargetAttributes = {
					6FBF9D3B299D54CD0041EC64 = {
						CreatedOnToolsVersion = 14.2;
					};
				};
			};
			buildConfigurationList = 6FBF9D37299D54CD0041EC64 /* Build configuration list for PBXProject "CleanSwift" */;
			compatibilityVersion = "Xcode 14.0";
			developmentRegion = en;
			hasScannedForEncodings = 0;
			knownRegions = (
				en,
				Base,
			);
			mainGroup = 6FBF9D33299D54CD0041EC64;
			productRefGroup = 6FBF9D3D299D54CD0041EC64 /* Products */;
			projectDirPath = "";
			projectRoot = "";
			targets = (
				6FBF9D3B299D54CD0041EC64 /* CleanSwift */,
			);
		};
/* End PBXProject section */

/* Begin PBXResourcesBuildPhase section */
		6FBF9D3A299D54CD0041EC64 /* Resources */ = {
			isa = PBXResourcesBuildPhase;
			buildActionMask = 2147483647;
			files = (
				6FBF9D4C299D54D00041EC64 /* LaunchScreen.storyboard in Resources */,
				6FBF9D49299D54D00041EC64 /* Assets.xcassets in Resources */,
				6FBF9D47299D54CD0041EC64 /* Main.storyboard in Resources */,
			);
			runOnlyForDeploymentPostprocessing = 0;
		};
/* End PBXResourcesBuildPhase section */

/* Begin PBXShellScriptBuildPhase section */
		6FBF9D53299D55020041EC64 /* Swift Format */ = {
			isa = PBXShellScriptBuildPhase;
			buildActionMask = 2147483647;
			files = (
			);
			inputFileListPaths = (
			);
			inputPaths = (
			);
			name = "Swift Format";
			outputFileListPaths = (
			);
			outputPaths = (
			);
			runOnlyForDeploymentPostprocessing = 0;
			shellPath = /bin/sh;
			shellScript = "export PATH=\"$PATH:/opt/homebrew/bin\"\nif which swiftformat >/dev/null; then\n  swiftformat .\nelse\n  echo \"warning: SwiftFormat not installed, download from https://github.com/nicklockwood/SwiftFormat\"\nfi\n";
		};
		6FBF9D54299D552A0041EC64 /* Swift Lint */ = {
			isa = PBXShellScriptBuildPhase;
			buildActionMask = 2147483647;
			files = (
			);
			inputFileListPaths = (
			);
			inputPaths = (
			);
			name = "Swift Lint";
			outputFileListPaths = (
			);
			outputPaths = (
			);
			runOnlyForDeploymentPostprocessing = 0;
			shellPath = /bin/sh;
			shellScript = "export PATH=\"$PATH:/opt/homebrew/bin\"\nif which swiftlint > /dev/null; then\n  swiftlint\nelse\n  echo \"warning: SwiftLint not installed, download from https://github.com/realm/SwiftLint\"\nfi\n";
		};
/* End PBXShellScriptBuildPhase section */

/* Begin PBXSourcesBuildPhase section */
		6FBF9D38299D54CD0041EC64 /* Sources */ = {
			isa = PBXSourcesBuildPhase;
			buildActionMask = 2147483647;
			files = (
				6FBF9D44299D54CD0041EC64 /* MainScreenViewController.swift in Sources */,
				6FBF9D40299D54CD0041EC64 /* AppDelegate.swift in Sources */,
				6FBF9D8B299EB9EA0041EC64 /* SecondScreenPresenter.swift in Sources */,
				6FBF9D87299EB25D0041EC64 /* SecondScreenProtocols.swift in Sources */,
				6FBF9D7C299D87B80041EC64 /* SecondScreenViewController.swift in Sources */,
				6FBF9D61299D65650041EC64 /* ImageService.swift in Sources */,
				6FBF9D6C299D71720041EC64 /* MainScreenAssembly.swift in Sources */,
				6FBF9D89299EB9A10041EC64 /* SecondScreenInteractor.swift in Sources */,
				6FBF9D73299D76DC0041EC64 /* MainScreenInteractor.swift in Sources */,
				6FBF9D91299EBA990041EC64 /* SecondScreenWorker.swift in Sources */,
				6FBF9D56299D57610041EC64 /* Astronomy.swift in Sources */,
				6FBF9D6A299D70E80041EC64 /* MainScreenRouter.swift in Sources */,
				6FBF9D7E299E81760041EC64 /* MainScreenInputModel.swift in Sources */,
				6FBF9D5E299D652B0041EC64 /* ImageServiceProtocol.swift in Sources */,
				6FBF9D8D299EBA2D0041EC64 /* SecondScreenAssembly.swift in Sources */,
				6FBF9D42299D54CD0041EC64 /* SceneDelegate.swift in Sources */,
				6FBF9D78299D77F70041EC64 /* MainScreenPresenter.swift in Sources */,
				6FBF9D93299EC5660041EC64 /* DeepLink.swift in Sources */,
				6FBF9D85299EB21D0041EC64 /* AstronomyDescriptionChanged.swift in Sources */,
				6FBF9D5C299D59790041EC64 /* Constants.swift in Sources */,
				6FBF9D5A299D59390041EC64 /* NetworkService.swift in Sources */,
				6FBF9D80299E99220041EC64 /* MainScreenViewControllerProtocols.swift in Sources */,
				6FBF9D58299D58AE0041EC64 /* NetworkServiceProtocol.swift in Sources */,
				6FBF9D8F299EBA3D0041EC64 /* SecondScreenRouter.swift in Sources */,
				6FBF9D83299EA6610041EC64 /* MainScreenWorker.swift in Sources */,
			);
			runOnlyForDeploymentPostprocessing = 0;
		};
/* End PBXSourcesBuildPhase section */

/* Begin PBXVariantGroup section */
		6FBF9D45299D54CD0041EC64 /* Main.storyboard */ = {
			isa = PBXVariantGroup;
			children = (
				6FBF9D46299D54CD0041EC64 /* Base */,
			);
			name = Main.storyboard;
			sourceTree = "<group>";
		};
		6FBF9D4A299D54D00041EC64 /* LaunchScreen.storyboard */ = {
			isa = PBXVariantGroup;
			children = (
				6FBF9D4B299D54D00041EC64 /* Base */,
			);
			name = LaunchScreen.storyboard;
			sourceTree = "<group>";
		};
/* End PBXVariantGroup section */

/* Begin XCBuildConfiguration section */
		6FBF9D4E299D54D00041EC64 /* Debug */ = {
			isa = XCBuildConfiguration;
			buildSettings = {
				ALWAYS_SEARCH_USER_PATHS = NO;
				CLANG_ANALYZER_NONNULL = YES;
				CLANG_ANALYZER_NUMBER_OBJECT_CONVERSION = YES_AGGRESSIVE;
				CLANG_CXX_LANGUAGE_STANDARD = "gnu++20";
				CLANG_ENABLE_MODULES = YES;
				CLANG_ENABLE_OBJC_ARC = YES;
				CLANG_ENABLE_OBJC_WEAK = YES;
				CLANG_WARN_BLOCK_CAPTURE_AUTORELEASING = YES;
				CLANG_WARN_BOOL_CONVERSION = YES;
				CLANG_WARN_COMMA = YES;
				CLANG_WARN_CONSTANT_CONVERSION = YES;
				CLANG_WARN_DEPRECATED_OBJC_IMPLEMENTATIONS = YES;
				CLANG_WARN_DIRECT_OBJC_ISA_USAGE = YES_ERROR;
				CLANG_WARN_DOCUMENTATION_COMMENTS = YES;
				CLANG_WARN_EMPTY_BODY = YES;
				CLANG_WARN_ENUM_CONVERSION = YES;
				CLANG_WARN_INFINITE_RECURSION = YES;
				CLANG_WARN_INT_CONVERSION = YES;
				CLANG_WARN_NON_LITERAL_NULL_CONVERSION = YES;
				CLANG_WARN_OBJC_IMPLICIT_RETAIN_SELF = YES;
				CLANG_WARN_OBJC_LITERAL_CONVERSION = YES;
				CLANG_WARN_OBJC_ROOT_CLASS = YES_ERROR;
				CLANG_WARN_QUOTED_INCLUDE_IN_FRAMEWORK_HEADER = YES;
				CLANG_WARN_RANGE_LOOP_ANALYSIS = YES;
				CLANG_WARN_STRICT_PROTOTYPES = YES;
				CLANG_WARN_SUSPICIOUS_MOVE = YES;
				CLANG_WARN_UNGUARDED_AVAILABILITY = YES_AGGRESSIVE;
				CLANG_WARN_UNREACHABLE_CODE = YES;
				CLANG_WARN__DUPLICATE_METHOD_MATCH = YES;
				COPY_PHASE_STRIP = NO;
				DEBUG_INFORMATION_FORMAT = dwarf;
				ENABLE_STRICT_OBJC_MSGSEND = YES;
				ENABLE_TESTABILITY = YES;
				GCC_C_LANGUAGE_STANDARD = gnu11;
				GCC_DYNAMIC_NO_PIC = NO;
				GCC_NO_COMMON_BLOCKS = YES;
				GCC_OPTIMIZATION_LEVEL = 0;
				GCC_PREPROCESSOR_DEFINITIONS = (
					"DEBUG=1",
					"$(inherited)",
				);
				GCC_WARN_64_TO_32_BIT_CONVERSION = YES;
				GCC_WARN_ABOUT_RETURN_TYPE = YES_ERROR;
				GCC_WARN_UNDECLARED_SELECTOR = YES;
				GCC_WARN_UNINITIALIZED_AUTOS = YES_AGGRESSIVE;
				GCC_WARN_UNUSED_FUNCTION = YES;
				GCC_WARN_UNUSED_VARIABLE = YES;
				IPHONEOS_DEPLOYMENT_TARGET = 16.2;
				MTL_ENABLE_DEBUG_INFO = INCLUDE_SOURCE;
				MTL_FAST_MATH = YES;
				ONLY_ACTIVE_ARCH = YES;
				SDKROOT = iphoneos;
				SWIFT_ACTIVE_COMPILATION_CONDITIONS = DEBUG;
				SWIFT_OPTIMIZATION_LEVEL = "-Onone";
			};
			name = Debug;
		};
		6FBF9D4F299D54D00041EC64 /* Release */ = {
			isa = XCBuildConfiguration;
			buildSettings = {
				ALWAYS_SEARCH_USER_PATHS = NO;
				CLANG_ANALYZER_NONNULL = YES;
				CLANG_ANALYZER_NUMBER_OBJECT_CONVERSION = YES_AGGRESSIVE;
				CLANG_CXX_LANGUAGE_STANDARD = "gnu++20";
				CLANG_ENABLE_MODULES = YES;
				CLANG_ENABLE_OBJC_ARC = YES;
				CLANG_ENABLE_OBJC_WEAK = YES;
				CLANG_WARN_BLOCK_CAPTURE_AUTORELEASING = YES;
				CLANG_WARN_BOOL_CONVERSION = YES;
				CLANG_WARN_COMMA = YES;
				CLANG_WARN_CONSTANT_CONVERSION = YES;
				CLANG_WARN_DEPRECATED_OBJC_IMPLEMENTATIONS = YES;
				CLANG_WARN_DIRECT_OBJC_ISA_USAGE = YES_ERROR;
				CLANG_WARN_DOCUMENTATION_COMMENTS = YES;
				CLANG_WARN_EMPTY_BODY = YES;
				CLANG_WARN_ENUM_CONVERSION = YES;
				CLANG_WARN_INFINITE_RECURSION = YES;
				CLANG_WARN_INT_CONVERSION = YES;
				CLANG_WARN_NON_LITERAL_NULL_CONVERSION = YES;
				CLANG_WARN_OBJC_IMPLICIT_RETAIN_SELF = YES;
				CLANG_WARN_OBJC_LITERAL_CONVERSION = YES;
				CLANG_WARN_OBJC_ROOT_CLASS = YES_ERROR;
				CLANG_WARN_QUOTED_INCLUDE_IN_FRAMEWORK_HEADER = YES;
				CLANG_WARN_RANGE_LOOP_ANALYSIS = YES;
				CLANG_WARN_STRICT_PROTOTYPES = YES;
				CLANG_WARN_SUSPICIOUS_MOVE = YES;
				CLANG_WARN_UNGUARDED_AVAILABILITY = YES_AGGRESSIVE;
				CLANG_WARN_UNREACHABLE_CODE = YES;
				CLANG_WARN__DUPLICATE_METHOD_MATCH = YES;
				COPY_PHASE_STRIP = NO;
				DEBUG_INFORMATION_FORMAT = "dwarf-with-dsym";
				ENABLE_NS_ASSERTIONS = NO;
				ENABLE_STRICT_OBJC_MSGSEND = YES;
				GCC_C_LANGUAGE_STANDARD = gnu11;
				GCC_NO_COMMON_BLOCKS = YES;
				GCC_WARN_64_TO_32_BIT_CONVERSION = YES;
				GCC_WARN_ABOUT_RETURN_TYPE = YES_ERROR;
				GCC_WARN_UNDECLARED_SELECTOR = YES;
				GCC_WARN_UNINITIALIZED_AUTOS = YES_AGGRESSIVE;
				GCC_WARN_UNUSED_FUNCTION = YES;
				GCC_WARN_UNUSED_VARIABLE = YES;
				IPHONEOS_DEPLOYMENT_TARGET = 16.2;
				MTL_ENABLE_DEBUG_INFO = NO;
				MTL_FAST_MATH = YES;
				SDKROOT = iphoneos;
				SWIFT_COMPILATION_MODE = wholemodule;
				SWIFT_OPTIMIZATION_LEVEL = "-O";
				VALIDATE_PRODUCT = YES;
			};
			name = Release;
		};
		6FBF9D51299D54D00041EC64 /* Debug */ = {
			isa = XCBuildConfiguration;
			buildSettings = {
				ASSETCATALOG_COMPILER_APPICON_NAME = AppIcon;
				ASSETCATALOG_COMPILER_GLOBAL_ACCENT_COLOR_NAME = AccentColor;
				CODE_SIGN_STYLE = Automatic;
				CURRENT_PROJECT_VERSION = 1;
				DEVELOPMENT_TEAM = J4QD3HTM2M;
				GENERATE_INFOPLIST_FILE = YES;
				INFOPLIST_FILE = CleanSwift/Info.plist;
				INFOPLIST_KEY_UIApplicationSupportsIndirectInputEvents = YES;
				INFOPLIST_KEY_UILaunchStoryboardName = LaunchScreen;
				INFOPLIST_KEY_UIMainStoryboardFile = Main;
				INFOPLIST_KEY_UISupportedInterfaceOrientations_iPad = "UIInterfaceOrientationPortrait UIInterfaceOrientationPortraitUpsideDown UIInterfaceOrientationLandscapeLeft UIInterfaceOrientationLandscapeRight";
				INFOPLIST_KEY_UISupportedInterfaceOrientations_iPhone = "UIInterfaceOrientationPortrait UIInterfaceOrientationLandscapeLeft UIInterfaceOrientationLandscapeRight";
				LD_RUNPATH_SEARCH_PATHS = (
					"$(inherited)",
					"@executable_path/Frameworks",
				);
				MARKETING_VERSION = 1.0;
				PRODUCT_BUNDLE_IDENTIFIER = Shchepelin.CleanSwift;
				PRODUCT_NAME = "$(TARGET_NAME)";
				SWIFT_EMIT_LOC_STRINGS = YES;
				SWIFT_VERSION = 5.0;
				TARGETED_DEVICE_FAMILY = "1,2";
			};
			name = Debug;
		};
		6FBF9D52299D54D00041EC64 /* Release */ = {
			isa = XCBuildConfiguration;
			buildSettings = {
				ASSETCATALOG_COMPILER_APPICON_NAME = AppIcon;
				ASSETCATALOG_COMPILER_GLOBAL_ACCENT_COLOR_NAME = AccentColor;
				CODE_SIGN_STYLE = Automatic;
				CURRENT_PROJECT_VERSION = 1;
				DEVELOPMENT_TEAM = J4QD3HTM2M;
				GENERATE_INFOPLIST_FILE = YES;
				INFOPLIST_FILE = CleanSwift/Info.plist;
				INFOPLIST_KEY_UIApplicationSupportsIndirectInputEvents = YES;
				INFOPLIST_KEY_UILaunchStoryboardName = LaunchScreen;
				INFOPLIST_KEY_UIMainStoryboardFile = Main;
				INFOPLIST_KEY_UISupportedInterfaceOrientations_iPad = "UIInterfaceOrientationPortrait UIInterfaceOrientationPortraitUpsideDown UIInterfaceOrientationLandscapeLeft UIInterfaceOrientationLandscapeRight";
				INFOPLIST_KEY_UISupportedInterfaceOrientations_iPhone = "UIInterfaceOrientationPortrait UIInterfaceOrientationLandscapeLeft UIInterfaceOrientationLandscapeRight";
				LD_RUNPATH_SEARCH_PATHS = (
					"$(inherited)",
					"@executable_path/Frameworks",
				);
				MARKETING_VERSION = 1.0;
				PRODUCT_BUNDLE_IDENTIFIER = Shchepelin.CleanSwift;
				PRODUCT_NAME = "$(TARGET_NAME)";
				SWIFT_EMIT_LOC_STRINGS = YES;
				SWIFT_VERSION = 5.0;
				TARGETED_DEVICE_FAMILY = "1,2";
			};
			name = Release;
		};
/* End XCBuildConfiguration section */

/* Begin XCConfigurationList section */
		6FBF9D37299D54CD0041EC64 /* Build configuration list for PBXProject "CleanSwift" */ = {
			isa = XCConfigurationList;
			buildConfigurations = (
				6FBF9D4E299D54D00041EC64 /* Debug */,
				6FBF9D4F299D54D00041EC64 /* Release */,
			);
			defaultConfigurationIsVisible = 0;
			defaultConfigurationName = Release;
		};
		6FBF9D50299D54D00041EC64 /* Build configuration list for PBXNativeTarget "CleanSwift" */ = {
			isa = XCConfigurationList;
			buildConfigurations = (
				6FBF9D51299D54D00041EC64 /* Debug */,
				6FBF9D52299D54D00041EC64 /* Release */,
			);
			defaultConfigurationIsVisible = 0;
			defaultConfigurationName = Release;
		};
/* End XCConfigurationList section */
	};
	rootObject = 6FBF9D34299D54CD0041EC64 /* Project object */;
}
